
Microsoft Visual Studio Solution File, Format Version 12.00
# Visual Studio Version 17
VisualStudioVersion = 17.6.33829.357
MinimumVisualStudioVersion = 10.0.40219.1
Project("{8BC9CEB8-8B4A-11D0-8D11-00A0C91BC942}") = "sieradz_hook", "sieradz_hook\sieradz_hook.vcxproj", "{024AAF00-78DF-4BBD-A529-954736207A75}"
EndProject
Global
	GlobalSection(SolutionConfigurationPlatforms) = preSolution
		Debug|x64 = Debug|x64
		Release|x64 = Release|x64
	EndGlobalSection
	GlobalSection(ProjectConfigurationPlatforms) = postSolution
		{024AAF00-78DF-4BBD-A529-954736207A75}.Debug|x64.ActiveCfg = Debug|x64
		{024AAF00-78DF-4BBD-A529-954736207A75}.Debug|x64.Build.0 = Debug|x64
		{024AAF00-78DF-4BBD-A529-954736207A75}.Release|x64.ActiveCfg = Release|x64
		{024AAF00-78DF-4BBD-A529-954736207A75}.Release|x64.Build.0 = Release|x64
	EndGlobalSection
	GlobalSection(SolutionProperties) = preSolution
		HideSolutionNode = FALSE
	EndGlobalSection
	GlobalSection(ExtensibilityGlobals) = postSolution
		SolutionGuid = {9ECD82DD-23A2-4AB3-A440-5301D5D1AA2F}
	EndGlobalSection
EndGlobal
