<?xml version="1.0" encoding="utf-8"?>
<Project ToolsVersion="4.0" xmlns="http://schemas.microsoft.com/developer/msbuild/2003">
  <ItemGroup>
    <ClCompile Include="entry.cpp" />
    <ClCompile Include="sdk\patterns.cpp" />
    <ClCompile Include="sdk\interfaces.cpp" />
    <ClCompile Include="sdk\interfaces\CGameEntitySystem.cpp" />
    <ClCompile Include="sdk\entity\CHandle.cpp" />
    <ClCompile Include="sdk\schema.cpp" />
    <ClCompile Include="vendor\imgui\imgui.cpp" />
    <ClCompile Include="vendor\imgui\imgui_demo.cpp" />
    <ClCompile Include="vendor\imgui\imgui_draw.cpp" />
    <ClCompile Include="vendor\imgui\imgui_impl_dx11.cpp" />
    <ClCompile Include="vendor\imgui\imgui_impl_win32.cpp" />
    <ClCompile Include="vendor\imgui\imgui_tables.cpp" />
    <ClCompile Include="vendor\imgui\imgui_widgets.cpp" />
    <ClCompile Include="vendor\minhook\hde\hde32.c" />
    <ClCompile Include="vendor\minhook\hde\hde64.c" />
    <ClCompile Include="vendor\minhook\buffer.c" />
    <ClCompile Include="vendor\minhook\hook.c" />
    <ClCompile Include="vendor\minhook\trampoline.c" />
    <ClCompile Include="hooks\d3d11.cpp" />
    <ClCompile Include="util\render.cpp" />
    <ClCompile Include="util\input.cpp" />
    <ClCompile Include="features\visuals.cpp" />
    <ClCompile Include="sdk\entity\CBaseEntity.cpp" />
    <ClCompile Include="hooks\GetMatricesForView.cpp" />
    <ClCompile Include="util\math.cpp" />
    <ClCompile Include="menu\config.cpp" />
    <ClCompile Include="menu\menu.cpp" />
    <ClCompile Include="menu\gui.cpp" />
    <ClCompile Include="hooks\FrameStageNotify.cpp" />
    <ClCompile Include="features\skin_changer.cpp" />
  </ItemGroup>
  <ItemGroup>
    <ClInclude Include="sdk\types.hpp" />
    <ClInclude Include="util\memory.hpp" />
    <ClInclude Include="sdk\entity\CBaseEntity.hpp" />
    <ClInclude Include="sdk\interfaces\CGameEntitySystem.hpp" />
    <ClInclude Include="sdk\patterns.hpp" />
    <ClInclude Include="util\console.hpp" />
    <ClInclude Include="sdk\interfaces.hpp" />
    <ClInclude Include="sdk\entity\CHandle.hpp" />
    <ClInclude Include="sdk\entity\CEntityInstance.hpp" />
    <ClInclude Include="sdk\entity\CBasePlayerController.hpp" />
    <ClInclude Include="sdk\schema.hpp" />
    <ClInclude Include="sdk\entity\CCollisionProperty.hpp" />
    <ClInclude Include="sdk\entity\CBasePlayerPawn.hpp" />
    <ClInclude Include="sdk\entity\CCSPlayerController.hpp" />
    <ClInclude Include="vendor\imgui\imconfig.h" />
    <ClInclude Include="vendor\imgui\imgui.h" />
    <ClInclude Include="vendor\imgui\imgui_impl_dx11.h" />
    <ClInclude Include="vendor\imgui\imgui_impl_win32.h" />
    <ClInclude Include="vendor\imgui\imgui_internal.h" />
    <ClInclude Include="vendor\imgui\imstb_rectpack.h" />
    <ClInclude Include="vendor\imgui\imstb_textedit.h" />
    <ClInclude Include="vendor\imgui\imstb_truetype.h" />
    <ClInclude Include="vendor\minhook\hde\hde32.h" />
    <ClInclude Include="vendor\minhook\hde\hde64.h" />
    <ClInclude Include="vendor\minhook\hde\pstdint.h" />
    <ClInclude Include="vendor\minhook\hde\table32.h" />
    <ClInclude Include="vendor\minhook\hde\table64.h" />
    <ClInclude Include="vendor\minhook\buffer.h" />
    <ClInclude Include="vendor\minhook\MinHook.h" />
    <ClInclude Include="vendor\minhook\trampoline.h" />
    <ClInclude Include="hooks\hooks.hpp" />
    <ClInclude Include="util\render.hpp" />
    <ClInclude Include="util\input.hpp" />
    <ClInclude Include="features\features.hpp" />
    <ClInclude Include="sdk\entity\CGameSceneNode.hpp" />
    <ClInclude Include="globals.hpp" />
    <ClInclude Include="util\math.hpp" />
    <ClInclude Include="menu\config.hpp" />
    <ClInclude Include="menu\menu.hpp" />
    <ClInclude Include="menu\gui.hpp" />
    <ClInclude Include="sdk\entity\CWeaponCSBase.hpp" />
    <ClInclude Include="sdk\entity\CBasePlayerWeapon.hpp" />
    <ClInclude Include="sdk\entity\CEconEntity.hpp" />
    <ClInclude Include="sdk\entity\CPlayerObserverServices.hpp" />
    <ClInclude Include="sdk\interfaces\IVEngineClient.hpp" />
  </ItemGroup>
</Project>